
Microsoft Visual Studio Solution File, Format Version 12.00
# Visual Studio Version 16
Project("{FAE04EC0-301F-11D3-BF4B-00C04F79EFBC}") = "Ch1_1_Variables", "Ch1_1_Variables\Ch1_1_Variables.csproj", "{477964B8-78E2-4A34-B65E-D49F675FCF42}"
EndProject
Project("{FAE04EC0-301F-11D3-BF4B-00C04F79EFBC}") = "Ch1_2_Arithmetic", "Ch1_2_Arithmetic\Ch1_2_Arithmetic.csproj", "{64A5251E-8CBA-4998-8066-8E8DC122D1E3}"
EndProject
Project("{FAE04EC0-301F-11D3-BF4B-00C04F79EFBC}") = "Ch1_3_Strings", "Ch1_3_Strings\Ch1_3_Strings.csproj", "{691EF9DF-A343-487D-941D-4206B0EF0E66}"
EndProject
Project("{FAE04EC0-301F-11D3-BF4B-00C04F79EFBC}") = "Ch1_4_TypeConversion", "Ch1_4_TypeConversion\Ch1_4_TypeConversion.csproj", "{19E99161-F7DF-4362-87BC-5F338CBB3016}"
EndProject
Project("{FAE04EC0-301F-11D3-BF4B-00C04F79EFBC}") = "Ch1_5_Literals", "Ch1_5_Literals\Ch1_5_Literals.csproj", "{0289E749-E601-4E8A-98CA-0D168E5D7040}"
EndProject
Project("{FAE04EC0-301F-11D3-BF4B-00C04F79EFBC}") = "Ch1_6_AugmentedOperators", "Ch1_6_AugmentedOperators\Ch1_6_AugmentedOperators.csproj", "{06EC860E-98EF-4ABA-9324-69A2357AA02A}"
EndProject
Project("{FAE04EC0-301F-11D3-BF4B-00C04F79EFBC}") = "Ch1_7_ReadingInputFromConsole", "Ch1_7_ReadingInputFromConsole\Ch1_7_ReadingInputFromConsole.csproj", "{3B3909CF-EF39-40D1-B03D-368689400697}"
EndProject
Project("{FAE04EC0-301F-11D3-BF4B-00C04F79EFBC}") = "Ch1_Exercise1", "Ch1_Exercise1\Ch1_Exercise1.csproj", "{0D29C4D3-BAC6-4D52-A522-8E27A871F037}"
EndProject
Project("{FAE04EC0-301F-11D3-BF4B-00C04F79EFBC}") = "Ch1_8_CommonErrorsAndPitfalls", "Ch1_8_CommonErrorsAndPitfalls\Ch1_8_CommonErrorsAndPitfalls.csproj", "{C4EE982A-6AB2-466C-9B10-B1C290C9BCD7}"
EndProject
Project("{FAE04EC0-301F-11D3-BF4B-00C04F79EFBC}") = "Ch1_Exercise2", "Ch1_Exercise2\Ch1_Exercise2.csproj", "{AB2731F2-368D-4638-A062-47C97C093B1C}"
EndProject
Project("{FAE04EC0-301F-11D3-BF4B-00C04F79EFBC}") = "Ch1_Exercise3", "Ch1_Exercise3\Ch1_Exercise3.csproj", "{B3C468F0-201A-4F54-9C72-B28D261D174A}"
EndProject
Project("{FAE04EC0-301F-11D3-BF4B-00C04F79EFBC}") = "Ch1_Exercise4_SumDigits", "Ch1_Exercise4_SumDigits\Ch1_Exercise4_SumDigits.csproj", "{BC646626-10E3-4B4B-9005-5101CF0145E0}"
EndProject
Project("{FAE04EC0-301F-11D3-BF4B-00C04F79EFBC}") = "Ch1_Exercise5_MinuteConverter", "Ch1_Exercise5_MinuteConverter\Ch1_Exercise5_MinuteConverter.csproj", "{25DC54B7-502A-4C0A-BFDC-D23782C55AE2}"
EndProject
Project("{FAE04EC0-301F-11D3-BF4B-00C04F79EFBC}") = "Ch2_1_RelationalOperators", "Ch2_1_RelationalOperators\Ch2_1_RelationalOperators.csproj", "{56279E88-099A-4E83-A945-F67DF79A1AA6}"
EndProject
Project("{FAE04EC0-301F-11D3-BF4B-00C04F79EFBC}") = "Ch2_2_IfStatements", "Ch2_2_IfStatements\Ch2_2_IfStatements.csproj", "{30E3EB02-770B-4F55-9478-AAB2C727F670}"
EndProject
Project("{FAE04EC0-301F-11D3-BF4B-00C04F79EFBC}") = "Ch2_3_CommonErrors", "Ch2_3_CommonErrors\Ch2_3_CommonErrors.csproj", "{356A1C8E-C0F4-4010-90BA-4D51527613CB}"
EndProject
Project("{FAE04EC0-301F-11D3-BF4B-00C04F79EFBC}") = "Ch2_Exercise1_BMI", "Ch2_Exercise1_BMI\Ch2_Exercise1_BMI.csproj", "{7F42314E-CF2F-494C-B91F-91F519CB33CB}"
EndProject
Project("{FAE04EC0-301F-11D3-BF4B-00C04F79EFBC}") = "Ch0_Notes", "Ch0_Notes\Ch0_Notes.csproj", "{633B830A-2058-4797-9700-ED1FF9346AE9}"
EndProject
Project("{FAE04EC0-301F-11D3-BF4B-00C04F79EFBC}") = "Ch2_4_RandomNumberGeneration", "Ch2_4_RandomNumberGeneration\Ch2_4_RandomNumberGeneration.csproj", "{587FEE68-BEA1-47B5-97F7-AB1714CA0069}"
EndProject
Project("{FAE04EC0-301F-11D3-BF4B-00C04F79EFBC}") = "Ch2_5_LogicalOperators", "Ch2_5_LogicalOperators\Ch2_5_LogicalOperators.csproj", "{947A9B47-58D0-4C85-9564-7C025C54E490}"
EndProject
Project("{FAE04EC0-301F-11D3-BF4B-00C04F79EFBC}") = "Ch2_Exercise2_Lottery", "Ch2_Exercise2_Lottery\Ch2_Exercise2_Lottery.csproj", "{9128B404-F1CD-4639-832C-355EB6EB8693}"
EndProject
Project("{FAE04EC0-301F-11D3-BF4B-00C04F79EFBC}") = "Ch2_6_SwitchStatements", "Ch2_6_SwitchStatements\Ch2_6_SwitchStatements.csproj", "{1D5ED754-54E5-4D19-9A82-E4F06AC1551A}"
EndProject
Project("{FAE04EC0-301F-11D3-BF4B-00C04F79EFBC}") = "Ch2_7_ConditionalStatement", "Ch2_7_ConditionalStatement\Ch2_7_ConditionalStatement.csproj", "{AFA7F823-7B5D-4B56-B1B2-5BD8D1ABA2D4}"
EndProject
Project("{FAE04EC0-301F-11D3-BF4B-00C04F79EFBC}") = "Ch2_Exercise3_RootCalc", "Ch2_Exercise3_RootCalc\Ch2_Exercise3_RootCalc.csproj", "{F9327F54-449C-4F1C-BBCB-749A76C4EFAE}"
EndProject
Project("{FAE04EC0-301F-11D3-BF4B-00C04F79EFBC}") = "Ch3_1_LoopsIntro", "Ch3_1_LoopsIntro\Ch3_1_LoopsIntro.csproj", "{DC0BB6D5-284E-405E-8F83-A8ACA7F41524}"
EndProject
Project("{FAE04EC0-301F-11D3-BF4B-00C04F79EFBC}") = "Ch3_2_WhileLoop", "Ch3_2_WhileLoop\Ch3_2_WhileLoop.csproj", "{DCCD1A85-FDBA-40C3-A643-57AC5194C66F}"
EndProject
Project("{FAE04EC0-301F-11D3-BF4B-00C04F79EFBC}") = "Ch3_Exercise1_GuessingNumbers", "Ch3_Exercise1_GuessingNumbers\Ch3_Exercise1_GuessingNumbers.csproj", "{C52182D7-A0E6-47A1-AF28-9459A487C98B}"
EndProject
Project("{FAE04EC0-301F-11D3-BF4B-00C04F79EFBC}") = "Ch3_2_1_SomeFunctionsReview", "Ch3_2_1_SomeFunctionsReview\Ch3_2_1_SomeFunctionsReview.csproj", "{414D7E76-9A04-4611-8B17-3A15AE23269A}"
EndProject
Project("{FAE04EC0-301F-11D3-BF4B-00C04F79EFBC}") = "Ch3_3_StringExercisesWithWhileLoop", "Ch3_3_StringExercisesWithWhileLoop\Ch3_3_StringExercisesWithWhileLoop.csproj", "{34B8EAFC-348E-46E7-8CBC-E5EE6430B216}"
EndProject
Project("{FAE04EC0-301F-11D3-BF4B-00C04F79EFBC}") = "Ch3_4_DoWhileLoop", "Ch3_4_DoWhileLoop\Ch3_4_DoWhileLoop.csproj", "{89643E39-F16E-40E4-853C-28FA829AD91B}"
EndProject
Project("{FAE04EC0-301F-11D3-BF4B-00C04F79EFBC}") = "Ch3_5_ForLoop", "Ch3_5_ForLoop\Ch3_5_ForLoop.csproj", "{94BC0C12-CA43-4C7A-B023-BD4326B0CCC8}"
EndProject
Project("{FAE04EC0-301F-11D3-BF4B-00C04F79EFBC}") = "Ch3_Homeworks", "Ch3_Homeworks\Ch3_Homeworks.csproj", "{E25D068C-BE98-4036-BAF4-9EF449757908}"
EndProject
Project("{FAE04EC0-301F-11D3-BF4B-00C04F79EFBC}") = "Ch3_JavaBookLoopExercises", "Ch3_JavaBookLoopExercises\Ch3_JavaBookLoopExercises.csproj", "{A2623B98-B9A0-40E0-B199-8499E66D0062}"
EndProject
Project("{FAE04EC0-301F-11D3-BF4B-00C04F79EFBC}") = "Ch1_9_DataTypes", "Ch1_9_DataTypes\Ch1_9_DataTypes.csproj", "{F853F10D-6CC4-420B-9927-34E2C629A7B7}"
EndProject
Project("{FAE04EC0-301F-11D3-BF4B-00C04F79EFBC}") = "Ch4_1_MethodsIntro", "Ch4_1_MethodsIntro\Ch4_1_MethodsIntro.csproj", "{7C395D32-F80E-47FC-A4F4-AB1BF67D6B9C}"
EndProject
Project("{FAE04EC0-301F-11D3-BF4B-00C04F79EFBC}") = "Ch4_2_MethodDefinitionAndCalling", "Ch4_2_MethodDefinitionAndCalling\Ch4_2_MethodDefinitionAndCalling.csproj", "{1F683E92-46F8-421B-B894-9825F53FFBED}"
EndProject
Project("{FAE04EC0-301F-11D3-BF4B-00C04F79EFBC}") = "Ch4_Homeworks", "Ch4_Homeworks\Ch4_Homeworks.csproj", "{A736C66A-7E44-4CED-8AA4-07A8A02E10BB}"
EndProject
Project("{FAE04EC0-301F-11D3-BF4B-00C04F79EFBC}") = "Ch4_3_PassByValue", "Ch4_3_PassByValue\Ch4_3_PassByValue.csproj", "{1971244E-6A4E-40EF-BDE8-5EE3618BD739}"
EndProject
Project("{FAE04EC0-301F-11D3-BF4B-00C04F79EFBC}") = "Ch4_Exercises", "Ch4_Exercises\Ch4_Exercises.csproj", "{F3B03D2C-400B-4875-86E9-460C9E3E612F}"
EndProject
Project("{FAE04EC0-301F-11D3-BF4B-00C04F79EFBC}") = "Ch4_4_MethodOverloading", "Ch4_4_MethodOverloading\Ch4_4_MethodOverloading.csproj", "{6AFCF4BE-091D-48AB-85F0-E3CA97B51299}"
EndProject
Project("{FAE04EC0-301F-11D3-BF4B-00C04F79EFBC}") = "Ch4_5_VariableScope", "Ch4_5_VariableScope\Ch4_5_VariableScope.csproj", "{71384AE6-DF4B-4FBC-84B9-D8BB9D5A8999}"
EndProject
Project("{FAE04EC0-301F-11D3-BF4B-00C04F79EFBC}") = "Ch4_Ex1_PasswordGenerator", "Ch4_Ex1_PasswordGenerator\Ch4_Ex1_PasswordGenerator.csproj", "{BC432D49-416A-48DB-97B7-34AD7711F5BA}"
EndProject
Project("{FAE04EC0-301F-11D3-BF4B-00C04F79EFBC}") = "Ch5_1_ArraysBasics", "Ch5_1_ArraysBasics\Ch5_1_ArraysBasics.csproj", "{A4487186-D38E-47E0-9CA5-FF232522039D}"
EndProject
Project("{FAE04EC0-301F-11D3-BF4B-00C04F79EFBC}") = "Ch5_2_IterationOverArrays", "Ch5_2_IterationOverArrays\Ch5_2_IterationOverArrays.csproj", "{2F6C1CD8-5E3F-4569-85A0-8FC03A4E1FD3}"
EndProject
Project("{FAE04EC0-301F-11D3-BF4B-00C04F79EFBC}") = "Ch5_3_ProcessingArrays", "Ch5_3_ProcessingArrays\Ch5_3_ProcessingArrays.csproj", "{9C6EB577-F50D-4A12-82ED-688393F60A41}"
EndProject
Global
	GlobalSection(SolutionConfigurationPlatforms) = preSolution
		Debug|Any CPU = Debug|Any CPU
		Release|Any CPU = Release|Any CPU
	EndGlobalSection
	GlobalSection(ProjectConfigurationPlatforms) = postSolution
		{477964B8-78E2-4A34-B65E-D49F675FCF42}.Debug|Any CPU.ActiveCfg = Debug|Any CPU
		{477964B8-78E2-4A34-B65E-D49F675FCF42}.Debug|Any CPU.Build.0 = Debug|Any CPU
		{477964B8-78E2-4A34-B65E-D49F675FCF42}.Release|Any CPU.ActiveCfg = Release|Any CPU
		{477964B8-78E2-4A34-B65E-D49F675FCF42}.Release|Any CPU.Build.0 = Release|Any CPU
		{64A5251E-8CBA-4998-8066-8E8DC122D1E3}.Debug|Any CPU.ActiveCfg = Debug|Any CPU
		{64A5251E-8CBA-4998-8066-8E8DC122D1E3}.Debug|Any CPU.Build.0 = Debug|Any CPU
		{64A5251E-8CBA-4998-8066-8E8DC122D1E3}.Release|Any CPU.ActiveCfg = Release|Any CPU
		{64A5251E-8CBA-4998-8066-8E8DC122D1E3}.Release|Any CPU.Build.0 = Release|Any CPU
		{691EF9DF-A343-487D-941D-4206B0EF0E66}.Debug|Any CPU.ActiveCfg = Debug|Any CPU
		{691EF9DF-A343-487D-941D-4206B0EF0E66}.Debug|Any CPU.Build.0 = Debug|Any CPU
		{691EF9DF-A343-487D-941D-4206B0EF0E66}.Release|Any CPU.ActiveCfg = Release|Any CPU
		{691EF9DF-A343-487D-941D-4206B0EF0E66}.Release|Any CPU.Build.0 = Release|Any CPU
		{19E99161-F7DF-4362-87BC-5F338CBB3016}.Debug|Any CPU.ActiveCfg = Debug|Any CPU
		{19E99161-F7DF-4362-87BC-5F338CBB3016}.Debug|Any CPU.Build.0 = Debug|Any CPU
		{19E99161-F7DF-4362-87BC-5F338CBB3016}.Release|Any CPU.ActiveCfg = Release|Any CPU
		{19E99161-F7DF-4362-87BC-5F338CBB3016}.Release|Any CPU.Build.0 = Release|Any CPU
		{0289E749-E601-4E8A-98CA-0D168E5D7040}.Debug|Any CPU.ActiveCfg = Debug|Any CPU
		{0289E749-E601-4E8A-98CA-0D168E5D7040}.Debug|Any CPU.Build.0 = Debug|Any CPU
		{0289E749-E601-4E8A-98CA-0D168E5D7040}.Release|Any CPU.ActiveCfg = Release|Any CPU
		{0289E749-E601-4E8A-98CA-0D168E5D7040}.Release|Any CPU.Build.0 = Release|Any CPU
		{06EC860E-98EF-4ABA-9324-69A2357AA02A}.Debug|Any CPU.ActiveCfg = Debug|Any CPU
		{06EC860E-98EF-4ABA-9324-69A2357AA02A}.Debug|Any CPU.Build.0 = Debug|Any CPU
		{06EC860E-98EF-4ABA-9324-69A2357AA02A}.Release|Any CPU.ActiveCfg = Release|Any CPU
		{06EC860E-98EF-4ABA-9324-69A2357AA02A}.Release|Any CPU.Build.0 = Release|Any CPU
		{3B3909CF-EF39-40D1-B03D-368689400697}.Debug|Any CPU.ActiveCfg = Debug|Any CPU
		{3B3909CF-EF39-40D1-B03D-368689400697}.Debug|Any CPU.Build.0 = Debug|Any CPU
		{3B3909CF-EF39-40D1-B03D-368689400697}.Release|Any CPU.ActiveCfg = Release|Any CPU
		{3B3909CF-EF39-40D1-B03D-368689400697}.Release|Any CPU.Build.0 = Release|Any CPU
		{0D29C4D3-BAC6-4D52-A522-8E27A871F037}.Debug|Any CPU.ActiveCfg = Debug|Any CPU
		{0D29C4D3-BAC6-4D52-A522-8E27A871F037}.Debug|Any CPU.Build.0 = Debug|Any CPU
		{0D29C4D3-BAC6-4D52-A522-8E27A871F037}.Release|Any CPU.ActiveCfg = Release|Any CPU
		{0D29C4D3-BAC6-4D52-A522-8E27A871F037}.Release|Any CPU.Build.0 = Release|Any CPU
		{C4EE982A-6AB2-466C-9B10-B1C290C9BCD7}.Debug|Any CPU.ActiveCfg = Debug|Any CPU
		{C4EE982A-6AB2-466C-9B10-B1C290C9BCD7}.Debug|Any CPU.Build.0 = Debug|Any CPU
		{C4EE982A-6AB2-466C-9B10-B1C290C9BCD7}.Release|Any CPU.ActiveCfg = Release|Any CPU
		{C4EE982A-6AB2-466C-9B10-B1C290C9BCD7}.Release|Any CPU.Build.0 = Release|Any CPU
		{AB2731F2-368D-4638-A062-47C97C093B1C}.Debug|Any CPU.ActiveCfg = Debug|Any CPU
		{AB2731F2-368D-4638-A062-47C97C093B1C}.Debug|Any CPU.Build.0 = Debug|Any CPU
		{AB2731F2-368D-4638-A062-47C97C093B1C}.Release|Any CPU.ActiveCfg = Release|Any CPU
		{AB2731F2-368D-4638-A062-47C97C093B1C}.Release|Any CPU.Build.0 = Release|Any CPU
		{B3C468F0-201A-4F54-9C72-B28D261D174A}.Debug|Any CPU.ActiveCfg = Debug|Any CPU
		{B3C468F0-201A-4F54-9C72-B28D261D174A}.Debug|Any CPU.Build.0 = Debug|Any CPU
		{B3C468F0-201A-4F54-9C72-B28D261D174A}.Release|Any CPU.ActiveCfg = Release|Any CPU
		{B3C468F0-201A-4F54-9C72-B28D261D174A}.Release|Any CPU.Build.0 = Release|Any CPU
		{BC646626-10E3-4B4B-9005-5101CF0145E0}.Debug|Any CPU.ActiveCfg = Debug|Any CPU
		{BC646626-10E3-4B4B-9005-5101CF0145E0}.Debug|Any CPU.Build.0 = Debug|Any CPU
		{BC646626-10E3-4B4B-9005-5101CF0145E0}.Release|Any CPU.ActiveCfg = Release|Any CPU
		{BC646626-10E3-4B4B-9005-5101CF0145E0}.Release|Any CPU.Build.0 = Release|Any CPU
		{25DC54B7-502A-4C0A-BFDC-D23782C55AE2}.Debug|Any CPU.ActiveCfg = Debug|Any CPU
		{25DC54B7-502A-4C0A-BFDC-D23782C55AE2}.Debug|Any CPU.Build.0 = Debug|Any CPU
		{25DC54B7-502A-4C0A-BFDC-D23782C55AE2}.Release|Any CPU.ActiveCfg = Release|Any CPU
		{25DC54B7-502A-4C0A-BFDC-D23782C55AE2}.Release|Any CPU.Build.0 = Release|Any CPU
		{56279E88-099A-4E83-A945-F67DF79A1AA6}.Debug|Any CPU.ActiveCfg = Debug|Any CPU
		{56279E88-099A-4E83-A945-F67DF79A1AA6}.Debug|Any CPU.Build.0 = Debug|Any CPU
		{56279E88-099A-4E83-A945-F67DF79A1AA6}.Release|Any CPU.ActiveCfg = Release|Any CPU
		{56279E88-099A-4E83-A945-F67DF79A1AA6}.Release|Any CPU.Build.0 = Release|Any CPU
		{30E3EB02-770B-4F55-9478-AAB2C727F670}.Debug|Any CPU.ActiveCfg = Debug|Any CPU
		{30E3EB02-770B-4F55-9478-AAB2C727F670}.Debug|Any CPU.Build.0 = Debug|Any CPU
		{30E3EB02-770B-4F55-9478-AAB2C727F670}.Release|Any CPU.ActiveCfg = Release|Any CPU
		{30E3EB02-770B-4F55-9478-AAB2C727F670}.Release|Any CPU.Build.0 = Release|Any CPU
		{356A1C8E-C0F4-4010-90BA-4D51527613CB}.Debug|Any CPU.ActiveCfg = Debug|Any CPU
		{356A1C8E-C0F4-4010-90BA-4D51527613CB}.Debug|Any CPU.Build.0 = Debug|Any CPU
		{356A1C8E-C0F4-4010-90BA-4D51527613CB}.Release|Any CPU.ActiveCfg = Release|Any CPU
		{356A1C8E-C0F4-4010-90BA-4D51527613CB}.Release|Any CPU.Build.0 = Release|Any CPU
		{7F42314E-CF2F-494C-B91F-91F519CB33CB}.Debug|Any CPU.ActiveCfg = Debug|Any CPU
		{7F42314E-CF2F-494C-B91F-91F519CB33CB}.Debug|Any CPU.Build.0 = Debug|Any CPU
		{7F42314E-CF2F-494C-B91F-91F519CB33CB}.Release|Any CPU.ActiveCfg = Release|Any CPU
		{7F42314E-CF2F-494C-B91F-91F519CB33CB}.Release|Any CPU.Build.0 = Release|Any CPU
		{633B830A-2058-4797-9700-ED1FF9346AE9}.Debug|Any CPU.ActiveCfg = Debug|Any CPU
		{633B830A-2058-4797-9700-ED1FF9346AE9}.Debug|Any CPU.Build.0 = Debug|Any CPU
		{633B830A-2058-4797-9700-ED1FF9346AE9}.Release|Any CPU.ActiveCfg = Release|Any CPU
		{633B830A-2058-4797-9700-ED1FF9346AE9}.Release|Any CPU.Build.0 = Release|Any CPU
		{587FEE68-BEA1-47B5-97F7-AB1714CA0069}.Debug|Any CPU.ActiveCfg = Debug|Any CPU
		{587FEE68-BEA1-47B5-97F7-AB1714CA0069}.Debug|Any CPU.Build.0 = Debug|Any CPU
		{587FEE68-BEA1-47B5-97F7-AB1714CA0069}.Release|Any CPU.ActiveCfg = Release|Any CPU
		{587FEE68-BEA1-47B5-97F7-AB1714CA0069}.Release|Any CPU.Build.0 = Release|Any CPU
		{947A9B47-58D0-4C85-9564-7C025C54E490}.Debug|Any CPU.ActiveCfg = Debug|Any CPU
		{947A9B47-58D0-4C85-9564-7C025C54E490}.Debug|Any CPU.Build.0 = Debug|Any CPU
		{947A9B47-58D0-4C85-9564-7C025C54E490}.Release|Any CPU.ActiveCfg = Release|Any CPU
		{947A9B47-58D0-4C85-9564-7C025C54E490}.Release|Any CPU.Build.0 = Release|Any CPU
		{9128B404-F1CD-4639-832C-355EB6EB8693}.Debug|Any CPU.ActiveCfg = Debug|Any CPU
		{9128B404-F1CD-4639-832C-355EB6EB8693}.Debug|Any CPU.Build.0 = Debug|Any CPU
		{9128B404-F1CD-4639-832C-355EB6EB8693}.Release|Any CPU.ActiveCfg = Release|Any CPU
		{9128B404-F1CD-4639-832C-355EB6EB8693}.Release|Any CPU.Build.0 = Release|Any CPU
		{1D5ED754-54E5-4D19-9A82-E4F06AC1551A}.Debug|Any CPU.ActiveCfg = Debug|Any CPU
		{1D5ED754-54E5-4D19-9A82-E4F06AC1551A}.Debug|Any CPU.Build.0 = Debug|Any CPU
		{1D5ED754-54E5-4D19-9A82-E4F06AC1551A}.Release|Any CPU.ActiveCfg = Release|Any CPU
		{1D5ED754-54E5-4D19-9A82-E4F06AC1551A}.Release|Any CPU.Build.0 = Release|Any CPU
		{AFA7F823-7B5D-4B56-B1B2-5BD8D1ABA2D4}.Debug|Any CPU.ActiveCfg = Debug|Any CPU
		{AFA7F823-7B5D-4B56-B1B2-5BD8D1ABA2D4}.Debug|Any CPU.Build.0 = Debug|Any CPU
		{AFA7F823-7B5D-4B56-B1B2-5BD8D1ABA2D4}.Release|Any CPU.ActiveCfg = Release|Any CPU
		{AFA7F823-7B5D-4B56-B1B2-5BD8D1ABA2D4}.Release|Any CPU.Build.0 = Release|Any CPU
		{F9327F54-449C-4F1C-BBCB-749A76C4EFAE}.Debug|Any CPU.ActiveCfg = Debug|Any CPU
		{F9327F54-449C-4F1C-BBCB-749A76C4EFAE}.Debug|Any CPU.Build.0 = Debug|Any CPU
		{F9327F54-449C-4F1C-BBCB-749A76C4EFAE}.Release|Any CPU.ActiveCfg = Release|Any CPU
		{F9327F54-449C-4F1C-BBCB-749A76C4EFAE}.Release|Any CPU.Build.0 = Release|Any CPU
		{DC0BB6D5-284E-405E-8F83-A8ACA7F41524}.Debug|Any CPU.ActiveCfg = Debug|Any CPU
		{DC0BB6D5-284E-405E-8F83-A8ACA7F41524}.Debug|Any CPU.Build.0 = Debug|Any CPU
		{DC0BB6D5-284E-405E-8F83-A8ACA7F41524}.Release|Any CPU.ActiveCfg = Release|Any CPU
		{DC0BB6D5-284E-405E-8F83-A8ACA7F41524}.Release|Any CPU.Build.0 = Release|Any CPU
		{DCCD1A85-FDBA-40C3-A643-57AC5194C66F}.Debug|Any CPU.ActiveCfg = Debug|Any CPU
		{DCCD1A85-FDBA-40C3-A643-57AC5194C66F}.Debug|Any CPU.Build.0 = Debug|Any CPU
		{DCCD1A85-FDBA-40C3-A643-57AC5194C66F}.Release|Any CPU.ActiveCfg = Release|Any CPU
		{DCCD1A85-FDBA-40C3-A643-57AC5194C66F}.Release|Any CPU.Build.0 = Release|Any CPU
		{C52182D7-A0E6-47A1-AF28-9459A487C98B}.Debug|Any CPU.ActiveCfg = Debug|Any CPU
		{C52182D7-A0E6-47A1-AF28-9459A487C98B}.Debug|Any CPU.Build.0 = Debug|Any CPU
		{C52182D7-A0E6-47A1-AF28-9459A487C98B}.Release|Any CPU.ActiveCfg = Release|Any CPU
		{C52182D7-A0E6-47A1-AF28-9459A487C98B}.Release|Any CPU.Build.0 = Release|Any CPU
		{414D7E76-9A04-4611-8B17-3A15AE23269A}.Debug|Any CPU.ActiveCfg = Debug|Any CPU
		{414D7E76-9A04-4611-8B17-3A15AE23269A}.Debug|Any CPU.Build.0 = Debug|Any CPU
		{414D7E76-9A04-4611-8B17-3A15AE23269A}.Release|Any CPU.ActiveCfg = Release|Any CPU
		{414D7E76-9A04-4611-8B17-3A15AE23269A}.Release|Any CPU.Build.0 = Release|Any CPU
		{34B8EAFC-348E-46E7-8CBC-E5EE6430B216}.Debug|Any CPU.ActiveCfg = Debug|Any CPU
		{34B8EAFC-348E-46E7-8CBC-E5EE6430B216}.Debug|Any CPU.Build.0 = Debug|Any CPU
		{34B8EAFC-348E-46E7-8CBC-E5EE6430B216}.Release|Any CPU.ActiveCfg = Release|Any CPU
		{34B8EAFC-348E-46E7-8CBC-E5EE6430B216}.Release|Any CPU.Build.0 = Release|Any CPU
		{89643E39-F16E-40E4-853C-28FA829AD91B}.Debug|Any CPU.ActiveCfg = Debug|Any CPU
		{89643E39-F16E-40E4-853C-28FA829AD91B}.Debug|Any CPU.Build.0 = Debug|Any CPU
		{89643E39-F16E-40E4-853C-28FA829AD91B}.Release|Any CPU.ActiveCfg = Release|Any CPU
		{89643E39-F16E-40E4-853C-28FA829AD91B}.Release|Any CPU.Build.0 = Release|Any CPU
		{94BC0C12-CA43-4C7A-B023-BD4326B0CCC8}.Debug|Any CPU.ActiveCfg = Debug|Any CPU
		{94BC0C12-CA43-4C7A-B023-BD4326B0CCC8}.Debug|Any CPU.Build.0 = Debug|Any CPU
		{94BC0C12-CA43-4C7A-B023-BD4326B0CCC8}.Release|Any CPU.ActiveCfg = Release|Any CPU
		{94BC0C12-CA43-4C7A-B023-BD4326B0CCC8}.Release|Any CPU.Build.0 = Release|Any CPU
		{E25D068C-BE98-4036-BAF4-9EF449757908}.Debug|Any CPU.ActiveCfg = Debug|Any CPU
		{E25D068C-BE98-4036-BAF4-9EF449757908}.Debug|Any CPU.Build.0 = Debug|Any CPU
		{E25D068C-BE98-4036-BAF4-9EF449757908}.Release|Any CPU.ActiveCfg = Release|Any CPU
		{E25D068C-BE98-4036-BAF4-9EF449757908}.Release|Any CPU.Build.0 = Release|Any CPU
		{A2623B98-B9A0-40E0-B199-8499E66D0062}.Debug|Any CPU.ActiveCfg = Debug|Any CPU
		{A2623B98-B9A0-40E0-B199-8499E66D0062}.Debug|Any CPU.Build.0 = Debug|Any CPU
		{A2623B98-B9A0-40E0-B199-8499E66D0062}.Release|Any CPU.ActiveCfg = Release|Any CPU
		{A2623B98-B9A0-40E0-B199-8499E66D0062}.Release|Any CPU.Build.0 = Release|Any CPU
		{F853F10D-6CC4-420B-9927-34E2C629A7B7}.Debug|Any CPU.ActiveCfg = Debug|Any CPU
		{F853F10D-6CC4-420B-9927-34E2C629A7B7}.Debug|Any CPU.Build.0 = Debug|Any CPU
		{F853F10D-6CC4-420B-9927-34E2C629A7B7}.Release|Any CPU.ActiveCfg = Release|Any CPU
		{F853F10D-6CC4-420B-9927-34E2C629A7B7}.Release|Any CPU.Build.0 = Release|Any CPU
		{7C395D32-F80E-47FC-A4F4-AB1BF67D6B9C}.Debug|Any CPU.ActiveCfg = Debug|Any CPU
		{7C395D32-F80E-47FC-A4F4-AB1BF67D6B9C}.Debug|Any CPU.Build.0 = Debug|Any CPU
		{7C395D32-F80E-47FC-A4F4-AB1BF67D6B9C}.Release|Any CPU.ActiveCfg = Release|Any CPU
		{7C395D32-F80E-47FC-A4F4-AB1BF67D6B9C}.Release|Any CPU.Build.0 = Release|Any CPU
		{1F683E92-46F8-421B-B894-9825F53FFBED}.Debug|Any CPU.ActiveCfg = Debug|Any CPU
		{1F683E92-46F8-421B-B894-9825F53FFBED}.Debug|Any CPU.Build.0 = Debug|Any CPU
		{1F683E92-46F8-421B-B894-9825F53FFBED}.Release|Any CPU.ActiveCfg = Release|Any CPU
		{1F683E92-46F8-421B-B894-9825F53FFBED}.Release|Any CPU.Build.0 = Release|Any CPU
		{A736C66A-7E44-4CED-8AA4-07A8A02E10BB}.Debug|Any CPU.ActiveCfg = Debug|Any CPU
		{A736C66A-7E44-4CED-8AA4-07A8A02E10BB}.Debug|Any CPU.Build.0 = Debug|Any CPU
		{A736C66A-7E44-4CED-8AA4-07A8A02E10BB}.Release|Any CPU.ActiveCfg = Release|Any CPU
		{A736C66A-7E44-4CED-8AA4-07A8A02E10BB}.Release|Any CPU.Build.0 = Release|Any CPU
		{1971244E-6A4E-40EF-BDE8-5EE3618BD739}.Debug|Any CPU.ActiveCfg = Debug|Any CPU
		{1971244E-6A4E-40EF-BDE8-5EE3618BD739}.Debug|Any CPU.Build.0 = Debug|Any CPU
		{1971244E-6A4E-40EF-BDE8-5EE3618BD739}.Release|Any CPU.ActiveCfg = Release|Any CPU
		{1971244E-6A4E-40EF-BDE8-5EE3618BD739}.Release|Any CPU.Build.0 = Release|Any CPU
		{F3B03D2C-400B-4875-86E9-460C9E3E612F}.Debug|Any CPU.ActiveCfg = Debug|Any CPU
		{F3B03D2C-400B-4875-86E9-460C9E3E612F}.Debug|Any CPU.Build.0 = Debug|Any CPU
		{F3B03D2C-400B-4875-86E9-460C9E3E612F}.Release|Any CPU.ActiveCfg = Release|Any CPU
		{F3B03D2C-400B-4875-86E9-460C9E3E612F}.Release|Any CPU.Build.0 = Release|Any CPU
		{6AFCF4BE-091D-48AB-85F0-E3CA97B51299}.Debug|Any CPU.ActiveCfg = Debug|Any CPU
		{6AFCF4BE-091D-48AB-85F0-E3CA97B51299}.Debug|Any CPU.Build.0 = Debug|Any CPU
		{6AFCF4BE-091D-48AB-85F0-E3CA97B51299}.Release|Any CPU.ActiveCfg = Release|Any CPU
		{6AFCF4BE-091D-48AB-85F0-E3CA97B51299}.Release|Any CPU.Build.0 = Release|Any CPU
		{71384AE6-DF4B-4FBC-84B9-D8BB9D5A8999}.Debug|Any CPU.ActiveCfg = Debug|Any CPU
		{71384AE6-DF4B-4FBC-84B9-D8BB9D5A8999}.Debug|Any CPU.Build.0 = Debug|Any CPU
		{71384AE6-DF4B-4FBC-84B9-D8BB9D5A8999}.Release|Any CPU.ActiveCfg = Release|Any CPU
		{71384AE6-DF4B-4FBC-84B9-D8BB9D5A8999}.Release|Any CPU.Build.0 = Release|Any CPU
		{BC432D49-416A-48DB-97B7-34AD7711F5BA}.Debug|Any CPU.ActiveCfg = Debug|Any CPU
		{BC432D49-416A-48DB-97B7-34AD7711F5BA}.Debug|Any CPU.Build.0 = Debug|Any CPU
		{BC432D49-416A-48DB-97B7-34AD7711F5BA}.Release|Any CPU.ActiveCfg = Release|Any CPU
		{BC432D49-416A-48DB-97B7-34AD7711F5BA}.Release|Any CPU.Build.0 = Release|Any CPU
		{A4487186-D38E-47E0-9CA5-FF232522039D}.Debug|Any CPU.ActiveCfg = Debug|Any CPU
		{A4487186-D38E-47E0-9CA5-FF232522039D}.Debug|Any CPU.Build.0 = Debug|Any CPU
		{A4487186-D38E-47E0-9CA5-FF232522039D}.Release|Any CPU.ActiveCfg = Release|Any CPU
		{A4487186-D38E-47E0-9CA5-FF232522039D}.Release|Any CPU.Build.0 = Release|Any CPU
		{2F6C1CD8-5E3F-4569-85A0-8FC03A4E1FD3}.Debug|Any CPU.ActiveCfg = Debug|Any CPU
		{2F6C1CD8-5E3F-4569-85A0-8FC03A4E1FD3}.Debug|Any CPU.Build.0 = Debug|Any CPU
		{2F6C1CD8-5E3F-4569-85A0-8FC03A4E1FD3}.Release|Any CPU.ActiveCfg = Release|Any CPU
		{2F6C1CD8-5E3F-4569-85A0-8FC03A4E1FD3}.Release|Any CPU.Build.0 = Release|Any CPU
		{9C6EB577-F50D-4A12-82ED-688393F60A41}.Debug|Any CPU.ActiveCfg = Debug|Any CPU
		{9C6EB577-F50D-4A12-82ED-688393F60A41}.Debug|Any CPU.Build.0 = Debug|Any CPU
		{9C6EB577-F50D-4A12-82ED-688393F60A41}.Release|Any CPU.ActiveCfg = Release|Any CPU
		{9C6EB577-F50D-4A12-82ED-688393F60A41}.Release|Any CPU.Build.0 = Release|Any CPU
	EndGlobalSection
EndGlobal
