
Microsoft Visual Studio Solution File, Format Version 12.00
Project("{FAE04EC0-301F-11D3-BF4B-00C04F79EFBC}") = "Ch1_1_Variables", "Ch1_1_Variables\Ch1_1_Variables.csproj", "{477964B8-78E2-4A34-B65E-D49F675FCF42}"
EndProject
Project("{FAE04EC0-301F-11D3-BF4B-00C04F79EFBC}") = "Ch1_2_Arithmetic", "Ch1_2_Arithmetic\Ch1_2_Arithmetic.csproj", "{64A5251E-8CBA-4998-8066-8E8DC122D1E3}"
EndProject
Project("{FAE04EC0-301F-11D3-BF4B-00C04F79EFBC}") = "Ch1_3_Strings", "Ch1_3_Strings\Ch1_3_Strings.csproj", "{691EF9DF-A343-487D-941D-4206B0EF0E66}"
EndProject
Project("{FAE04EC0-301F-11D3-BF4B-00C04F79EFBC}") = "Ch1_4_TypeConversion", "Ch1_4_TypeConversion\Ch1_4_TypeConversion.csproj", "{19E99161-F7DF-4362-87BC-5F338CBB3016}"
EndProject
Project("{FAE04EC0-301F-11D3-BF4B-00C04F79EFBC}") = "Ch1_5_Literals", "Ch1_5_Literals\Ch1_5_Literals.csproj", "{0289E749-E601-4E8A-98CA-0D168E5D7040}"
EndProject
Project("{FAE04EC0-301F-11D3-BF4B-00C04F79EFBC}") = "Ch1_6_AugmentedOperators", "Ch1_6_AugmentedOperators\Ch1_6_AugmentedOperators.csproj", "{06EC860E-98EF-4ABA-9324-69A2357AA02A}"
EndProject
Project("{FAE04EC0-301F-11D3-BF4B-00C04F79EFBC}") = "Ch1_7_ReadingInputFromConsole", "Ch1_7_ReadingInputFromConsole\Ch1_7_ReadingInputFromConsole.csproj", "{3B3909CF-EF39-40D1-B03D-368689400697}"
EndProject
Project("{FAE04EC0-301F-11D3-BF4B-00C04F79EFBC}") = "Ch1_Exercise1", "Ch1_Exercise1\Ch1_Exercise1.csproj", "{0D29C4D3-BAC6-4D52-A522-8E27A871F037}"
EndProject
Project("{FAE04EC0-301F-11D3-BF4B-00C04F79EFBC}") = "Ch1_8_CommonErrorsAndPitfalls", "Ch1_8_CommonErrorsAndPitfalls\Ch1_8_CommonErrorsAndPitfalls.csproj", "{C4EE982A-6AB2-466C-9B10-B1C290C9BCD7}"
EndProject
Project("{FAE04EC0-301F-11D3-BF4B-00C04F79EFBC}") = "Ch1_Exercise2", "Ch1_Exercise2\Ch1_Exercise2.csproj", "{AB2731F2-368D-4638-A062-47C97C093B1C}"
EndProject
Project("{FAE04EC0-301F-11D3-BF4B-00C04F79EFBC}") = "Ch1_Exercise3", "Ch1_Exercise3\Ch1_Exercise3.csproj", "{B3C468F0-201A-4F54-9C72-B28D261D174A}"
EndProject
Project("{FAE04EC0-301F-11D3-BF4B-00C04F79EFBC}") = "Ch1_Exercise4_SumDigits", "Ch1_Exercise4_SumDigits\Ch1_Exercise4_SumDigits.csproj", "{BC646626-10E3-4B4B-9005-5101CF0145E0}"
EndProject
Project("{FAE04EC0-301F-11D3-BF4B-00C04F79EFBC}") = "Ch1_Exercise5_MinuteConverter", "Ch1_Exercise5_MinuteConverter\Ch1_Exercise5_MinuteConverter.csproj", "{25DC54B7-502A-4C0A-BFDC-D23782C55AE2}"
EndProject
Project("{FAE04EC0-301F-11D3-BF4B-00C04F79EFBC}") = "Ch2_1_RelationalOperators", "Ch2_1_RelationalOperators\Ch2_1_RelationalOperators.csproj", "{56279E88-099A-4E83-A945-F67DF79A1AA6}"
EndProject
Project("{FAE04EC0-301F-11D3-BF4B-00C04F79EFBC}") = "Ch2_2_IfStatements", "Ch2_2_IfStatements\Ch2_2_IfStatements.csproj", "{30E3EB02-770B-4F55-9478-AAB2C727F670}"
EndProject
Project("{FAE04EC0-301F-11D3-BF4B-00C04F79EFBC}") = "Ch2_3_CommonErrors", "Ch2_3_CommonErrors\Ch2_3_CommonErrors.csproj", "{356A1C8E-C0F4-4010-90BA-4D51527613CB}"
EndProject
Project("{FAE04EC0-301F-11D3-BF4B-00C04F79EFBC}") = "Ch2_Exercise1_BMI", "Ch2_Exercise1_BMI\Ch2_Exercise1_BMI.csproj", "{7F42314E-CF2F-494C-B91F-91F519CB33CB}"
EndProject
Project("{FAE04EC0-301F-11D3-BF4B-00C04F79EFBC}") = "Ch0_Notes", "Ch0_Notes\Ch0_Notes.csproj", "{633B830A-2058-4797-9700-ED1FF9346AE9}"
EndProject
Project("{FAE04EC0-301F-11D3-BF4B-00C04F79EFBC}") = "Ch2_4_RandomNumberGeneration", "Ch2_4_RandomNumberGeneration\Ch2_4_RandomNumberGeneration.csproj", "{587FEE68-BEA1-47B5-97F7-AB1714CA0069}"
EndProject
Project("{FAE04EC0-301F-11D3-BF4B-00C04F79EFBC}") = "Ch2_5_LogicalOperators", "Ch2_5_LogicalOperators\Ch2_5_LogicalOperators.csproj", "{947A9B47-58D0-4C85-9564-7C025C54E490}"
EndProject
Project("{FAE04EC0-301F-11D3-BF4B-00C04F79EFBC}") = "Ch2_Exercise2_Lottery", "Ch2_Exercise2_Lottery\Ch2_Exercise2_Lottery.csproj", "{9128B404-F1CD-4639-832C-355EB6EB8693}"
EndProject
Global
	GlobalSection(SolutionConfigurationPlatforms) = preSolution
		Debug|Any CPU = Debug|Any CPU
		Release|Any CPU = Release|Any CPU
	EndGlobalSection
	GlobalSection(ProjectConfigurationPlatforms) = postSolution
		{477964B8-78E2-4A34-B65E-D49F675FCF42}.Debug|Any CPU.ActiveCfg = Debug|Any CPU
		{477964B8-78E2-4A34-B65E-D49F675FCF42}.Debug|Any CPU.Build.0 = Debug|Any CPU
		{477964B8-78E2-4A34-B65E-D49F675FCF42}.Release|Any CPU.ActiveCfg = Release|Any CPU
		{477964B8-78E2-4A34-B65E-D49F675FCF42}.Release|Any CPU.Build.0 = Release|Any CPU
		{64A5251E-8CBA-4998-8066-8E8DC122D1E3}.Debug|Any CPU.ActiveCfg = Debug|Any CPU
		{64A5251E-8CBA-4998-8066-8E8DC122D1E3}.Debug|Any CPU.Build.0 = Debug|Any CPU
		{64A5251E-8CBA-4998-8066-8E8DC122D1E3}.Release|Any CPU.ActiveCfg = Release|Any CPU
		{64A5251E-8CBA-4998-8066-8E8DC122D1E3}.Release|Any CPU.Build.0 = Release|Any CPU
		{691EF9DF-A343-487D-941D-4206B0EF0E66}.Debug|Any CPU.ActiveCfg = Debug|Any CPU
		{691EF9DF-A343-487D-941D-4206B0EF0E66}.Debug|Any CPU.Build.0 = Debug|Any CPU
		{691EF9DF-A343-487D-941D-4206B0EF0E66}.Release|Any CPU.ActiveCfg = Release|Any CPU
		{691EF9DF-A343-487D-941D-4206B0EF0E66}.Release|Any CPU.Build.0 = Release|Any CPU
		{19E99161-F7DF-4362-87BC-5F338CBB3016}.Debug|Any CPU.ActiveCfg = Debug|Any CPU
		{19E99161-F7DF-4362-87BC-5F338CBB3016}.Debug|Any CPU.Build.0 = Debug|Any CPU
		{19E99161-F7DF-4362-87BC-5F338CBB3016}.Release|Any CPU.ActiveCfg = Release|Any CPU
		{19E99161-F7DF-4362-87BC-5F338CBB3016}.Release|Any CPU.Build.0 = Release|Any CPU
		{0289E749-E601-4E8A-98CA-0D168E5D7040}.Debug|Any CPU.ActiveCfg = Debug|Any CPU
		{0289E749-E601-4E8A-98CA-0D168E5D7040}.Debug|Any CPU.Build.0 = Debug|Any CPU
		{0289E749-E601-4E8A-98CA-0D168E5D7040}.Release|Any CPU.ActiveCfg = Release|Any CPU
		{0289E749-E601-4E8A-98CA-0D168E5D7040}.Release|Any CPU.Build.0 = Release|Any CPU
		{06EC860E-98EF-4ABA-9324-69A2357AA02A}.Debug|Any CPU.ActiveCfg = Debug|Any CPU
		{06EC860E-98EF-4ABA-9324-69A2357AA02A}.Debug|Any CPU.Build.0 = Debug|Any CPU
		{06EC860E-98EF-4ABA-9324-69A2357AA02A}.Release|Any CPU.ActiveCfg = Release|Any CPU
		{06EC860E-98EF-4ABA-9324-69A2357AA02A}.Release|Any CPU.Build.0 = Release|Any CPU
		{3B3909CF-EF39-40D1-B03D-368689400697}.Debug|Any CPU.ActiveCfg = Debug|Any CPU
		{3B3909CF-EF39-40D1-B03D-368689400697}.Debug|Any CPU.Build.0 = Debug|Any CPU
		{3B3909CF-EF39-40D1-B03D-368689400697}.Release|Any CPU.ActiveCfg = Release|Any CPU
		{3B3909CF-EF39-40D1-B03D-368689400697}.Release|Any CPU.Build.0 = Release|Any CPU
		{0D29C4D3-BAC6-4D52-A522-8E27A871F037}.Debug|Any CPU.ActiveCfg = Debug|Any CPU
		{0D29C4D3-BAC6-4D52-A522-8E27A871F037}.Debug|Any CPU.Build.0 = Debug|Any CPU
		{0D29C4D3-BAC6-4D52-A522-8E27A871F037}.Release|Any CPU.ActiveCfg = Release|Any CPU
		{0D29C4D3-BAC6-4D52-A522-8E27A871F037}.Release|Any CPU.Build.0 = Release|Any CPU
		{C4EE982A-6AB2-466C-9B10-B1C290C9BCD7}.Debug|Any CPU.ActiveCfg = Debug|Any CPU
		{C4EE982A-6AB2-466C-9B10-B1C290C9BCD7}.Debug|Any CPU.Build.0 = Debug|Any CPU
		{C4EE982A-6AB2-466C-9B10-B1C290C9BCD7}.Release|Any CPU.ActiveCfg = Release|Any CPU
		{C4EE982A-6AB2-466C-9B10-B1C290C9BCD7}.Release|Any CPU.Build.0 = Release|Any CPU
		{AB2731F2-368D-4638-A062-47C97C093B1C}.Debug|Any CPU.ActiveCfg = Debug|Any CPU
		{AB2731F2-368D-4638-A062-47C97C093B1C}.Debug|Any CPU.Build.0 = Debug|Any CPU
		{AB2731F2-368D-4638-A062-47C97C093B1C}.Release|Any CPU.ActiveCfg = Release|Any CPU
		{AB2731F2-368D-4638-A062-47C97C093B1C}.Release|Any CPU.Build.0 = Release|Any CPU
		{B3C468F0-201A-4F54-9C72-B28D261D174A}.Debug|Any CPU.ActiveCfg = Debug|Any CPU
		{B3C468F0-201A-4F54-9C72-B28D261D174A}.Debug|Any CPU.Build.0 = Debug|Any CPU
		{B3C468F0-201A-4F54-9C72-B28D261D174A}.Release|Any CPU.ActiveCfg = Release|Any CPU
		{B3C468F0-201A-4F54-9C72-B28D261D174A}.Release|Any CPU.Build.0 = Release|Any CPU
		{BC646626-10E3-4B4B-9005-5101CF0145E0}.Debug|Any CPU.ActiveCfg = Debug|Any CPU
		{BC646626-10E3-4B4B-9005-5101CF0145E0}.Debug|Any CPU.Build.0 = Debug|Any CPU
		{BC646626-10E3-4B4B-9005-5101CF0145E0}.Release|Any CPU.ActiveCfg = Release|Any CPU
		{BC646626-10E3-4B4B-9005-5101CF0145E0}.Release|Any CPU.Build.0 = Release|Any CPU
		{25DC54B7-502A-4C0A-BFDC-D23782C55AE2}.Debug|Any CPU.ActiveCfg = Debug|Any CPU
		{25DC54B7-502A-4C0A-BFDC-D23782C55AE2}.Debug|Any CPU.Build.0 = Debug|Any CPU
		{25DC54B7-502A-4C0A-BFDC-D23782C55AE2}.Release|Any CPU.ActiveCfg = Release|Any CPU
		{25DC54B7-502A-4C0A-BFDC-D23782C55AE2}.Release|Any CPU.Build.0 = Release|Any CPU
		{56279E88-099A-4E83-A945-F67DF79A1AA6}.Debug|Any CPU.ActiveCfg = Debug|Any CPU
		{56279E88-099A-4E83-A945-F67DF79A1AA6}.Debug|Any CPU.Build.0 = Debug|Any CPU
		{56279E88-099A-4E83-A945-F67DF79A1AA6}.Release|Any CPU.ActiveCfg = Release|Any CPU
		{56279E88-099A-4E83-A945-F67DF79A1AA6}.Release|Any CPU.Build.0 = Release|Any CPU
		{30E3EB02-770B-4F55-9478-AAB2C727F670}.Debug|Any CPU.ActiveCfg = Debug|Any CPU
		{30E3EB02-770B-4F55-9478-AAB2C727F670}.Debug|Any CPU.Build.0 = Debug|Any CPU
		{30E3EB02-770B-4F55-9478-AAB2C727F670}.Release|Any CPU.ActiveCfg = Release|Any CPU
		{30E3EB02-770B-4F55-9478-AAB2C727F670}.Release|Any CPU.Build.0 = Release|Any CPU
		{356A1C8E-C0F4-4010-90BA-4D51527613CB}.Debug|Any CPU.ActiveCfg = Debug|Any CPU
		{356A1C8E-C0F4-4010-90BA-4D51527613CB}.Debug|Any CPU.Build.0 = Debug|Any CPU
		{356A1C8E-C0F4-4010-90BA-4D51527613CB}.Release|Any CPU.ActiveCfg = Release|Any CPU
		{356A1C8E-C0F4-4010-90BA-4D51527613CB}.Release|Any CPU.Build.0 = Release|Any CPU
		{7F42314E-CF2F-494C-B91F-91F519CB33CB}.Debug|Any CPU.ActiveCfg = Debug|Any CPU
		{7F42314E-CF2F-494C-B91F-91F519CB33CB}.Debug|Any CPU.Build.0 = Debug|Any CPU
		{7F42314E-CF2F-494C-B91F-91F519CB33CB}.Release|Any CPU.ActiveCfg = Release|Any CPU
		{7F42314E-CF2F-494C-B91F-91F519CB33CB}.Release|Any CPU.Build.0 = Release|Any CPU
		{633B830A-2058-4797-9700-ED1FF9346AE9}.Debug|Any CPU.ActiveCfg = Debug|Any CPU
		{633B830A-2058-4797-9700-ED1FF9346AE9}.Debug|Any CPU.Build.0 = Debug|Any CPU
		{633B830A-2058-4797-9700-ED1FF9346AE9}.Release|Any CPU.ActiveCfg = Release|Any CPU
		{633B830A-2058-4797-9700-ED1FF9346AE9}.Release|Any CPU.Build.0 = Release|Any CPU
		{587FEE68-BEA1-47B5-97F7-AB1714CA0069}.Debug|Any CPU.ActiveCfg = Debug|Any CPU
		{587FEE68-BEA1-47B5-97F7-AB1714CA0069}.Debug|Any CPU.Build.0 = Debug|Any CPU
		{587FEE68-BEA1-47B5-97F7-AB1714CA0069}.Release|Any CPU.ActiveCfg = Release|Any CPU
		{587FEE68-BEA1-47B5-97F7-AB1714CA0069}.Release|Any CPU.Build.0 = Release|Any CPU
		{947A9B47-58D0-4C85-9564-7C025C54E490}.Debug|Any CPU.ActiveCfg = Debug|Any CPU
		{947A9B47-58D0-4C85-9564-7C025C54E490}.Debug|Any CPU.Build.0 = Debug|Any CPU
		{947A9B47-58D0-4C85-9564-7C025C54E490}.Release|Any CPU.ActiveCfg = Release|Any CPU
		{947A9B47-58D0-4C85-9564-7C025C54E490}.Release|Any CPU.Build.0 = Release|Any CPU
		{9128B404-F1CD-4639-832C-355EB6EB8693}.Debug|Any CPU.ActiveCfg = Debug|Any CPU
		{9128B404-F1CD-4639-832C-355EB6EB8693}.Debug|Any CPU.Build.0 = Debug|Any CPU
		{9128B404-F1CD-4639-832C-355EB6EB8693}.Release|Any CPU.ActiveCfg = Release|Any CPU
		{9128B404-F1CD-4639-832C-355EB6EB8693}.Release|Any CPU.Build.0 = Release|Any CPU
	EndGlobalSection
EndGlobal
