
Microsoft Visual Studio Solution File, Format Version 12.00
Project("{FAE04EC0-301F-11D3-BF4B-00C04F79EFBC}") = "Ch1_1_Variables", "Ch1_1_Variables\Ch1_1_Variables.csproj", "{477964B8-78E2-4A34-B65E-D49F675FCF42}"
EndProject
Project("{FAE04EC0-301F-11D3-BF4B-00C04F79EFBC}") = "Ch1_2_Arithmetic", "Ch1_2_Arithmetic\Ch1_2_Arithmetic.csproj", "{64A5251E-8CBA-4998-8066-8E8DC122D1E3}"
EndProject
Project("{FAE04EC0-301F-11D3-BF4B-00C04F79EFBC}") = "Ch1_3_Strings", "Ch1_3_Strings\Ch1_3_Strings.csproj", "{691EF9DF-A343-487D-941D-4206B0EF0E66}"
EndProject
Project("{FAE04EC0-301F-11D3-BF4B-00C04F79EFBC}") = "Ch1_4_TypeConversion", "Ch1_4_TypeConversion\Ch1_4_TypeConversion.csproj", "{19E99161-F7DF-4362-87BC-5F338CBB3016}"
EndProject
Project("{FAE04EC0-301F-11D3-BF4B-00C04F79EFBC}") = "Ch1_5_Literals", "Ch1_5_Literals\Ch1_5_Literals.csproj", "{0289E749-E601-4E8A-98CA-0D168E5D7040}"
EndProject
Project("{FAE04EC0-301F-11D3-BF4B-00C04F79EFBC}") = "Ch1_6_AugmentedOperators", "Ch1_6_AugmentedOperators\Ch1_6_AugmentedOperators.csproj", "{06EC860E-98EF-4ABA-9324-69A2357AA02A}"
EndProject
Project("{FAE04EC0-301F-11D3-BF4B-00C04F79EFBC}") = "Ch1_7_ReadingInputFromConsole", "Ch1_7_ReadingInputFromConsole\Ch1_7_ReadingInputFromConsole.csproj", "{3B3909CF-EF39-40D1-B03D-368689400697}"
EndProject
Project("{FAE04EC0-301F-11D3-BF4B-00C04F79EFBC}") = "Ch1_Exercise1", "Ch1_Exercise1\Ch1_Exercise1.csproj", "{0D29C4D3-BAC6-4D52-A522-8E27A871F037}"
EndProject
Project("{FAE04EC0-301F-11D3-BF4B-00C04F79EFBC}") = "Ch1_8_CommonErrorsAndPitfalls", "Ch1_8_CommonErrorsAndPitfalls\Ch1_8_CommonErrorsAndPitfalls.csproj", "{C4EE982A-6AB2-466C-9B10-B1C290C9BCD7}"
EndProject
Project("{FAE04EC0-301F-11D3-BF4B-00C04F79EFBC}") = "Ch1_Exercise2", "Ch1_Exercise2\Ch1_Exercise2.csproj", "{AB2731F2-368D-4638-A062-47C97C093B1C}"
EndProject
Project("{FAE04EC0-301F-11D3-BF4B-00C04F79EFBC}") = "Ch1_Exercise3", "Ch1_Exercise3\Ch1_Exercise3.csproj", "{B3C468F0-201A-4F54-9C72-B28D261D174A}"
EndProject
Global
	GlobalSection(SolutionConfigurationPlatforms) = preSolution
		Debug|Any CPU = Debug|Any CPU
		Release|Any CPU = Release|Any CPU
	EndGlobalSection
	GlobalSection(ProjectConfigurationPlatforms) = postSolution
		{477964B8-78E2-4A34-B65E-D49F675FCF42}.Debug|Any CPU.ActiveCfg = Debug|Any CPU
		{477964B8-78E2-4A34-B65E-D49F675FCF42}.Debug|Any CPU.Build.0 = Debug|Any CPU
		{477964B8-78E2-4A34-B65E-D49F675FCF42}.Release|Any CPU.ActiveCfg = Release|Any CPU
		{477964B8-78E2-4A34-B65E-D49F675FCF42}.Release|Any CPU.Build.0 = Release|Any CPU
		{64A5251E-8CBA-4998-8066-8E8DC122D1E3}.Debug|Any CPU.ActiveCfg = Debug|Any CPU
		{64A5251E-8CBA-4998-8066-8E8DC122D1E3}.Debug|Any CPU.Build.0 = Debug|Any CPU
		{64A5251E-8CBA-4998-8066-8E8DC122D1E3}.Release|Any CPU.ActiveCfg = Release|Any CPU
		{64A5251E-8CBA-4998-8066-8E8DC122D1E3}.Release|Any CPU.Build.0 = Release|Any CPU
		{691EF9DF-A343-487D-941D-4206B0EF0E66}.Debug|Any CPU.ActiveCfg = Debug|Any CPU
		{691EF9DF-A343-487D-941D-4206B0EF0E66}.Debug|Any CPU.Build.0 = Debug|Any CPU
		{691EF9DF-A343-487D-941D-4206B0EF0E66}.Release|Any CPU.ActiveCfg = Release|Any CPU
		{691EF9DF-A343-487D-941D-4206B0EF0E66}.Release|Any CPU.Build.0 = Release|Any CPU
		{19E99161-F7DF-4362-87BC-5F338CBB3016}.Debug|Any CPU.ActiveCfg = Debug|Any CPU
		{19E99161-F7DF-4362-87BC-5F338CBB3016}.Debug|Any CPU.Build.0 = Debug|Any CPU
		{19E99161-F7DF-4362-87BC-5F338CBB3016}.Release|Any CPU.ActiveCfg = Release|Any CPU
		{19E99161-F7DF-4362-87BC-5F338CBB3016}.Release|Any CPU.Build.0 = Release|Any CPU
		{0289E749-E601-4E8A-98CA-0D168E5D7040}.Debug|Any CPU.ActiveCfg = Debug|Any CPU
		{0289E749-E601-4E8A-98CA-0D168E5D7040}.Debug|Any CPU.Build.0 = Debug|Any CPU
		{0289E749-E601-4E8A-98CA-0D168E5D7040}.Release|Any CPU.ActiveCfg = Release|Any CPU
		{0289E749-E601-4E8A-98CA-0D168E5D7040}.Release|Any CPU.Build.0 = Release|Any CPU
		{06EC860E-98EF-4ABA-9324-69A2357AA02A}.Debug|Any CPU.ActiveCfg = Debug|Any CPU
		{06EC860E-98EF-4ABA-9324-69A2357AA02A}.Debug|Any CPU.Build.0 = Debug|Any CPU
		{06EC860E-98EF-4ABA-9324-69A2357AA02A}.Release|Any CPU.ActiveCfg = Release|Any CPU
		{06EC860E-98EF-4ABA-9324-69A2357AA02A}.Release|Any CPU.Build.0 = Release|Any CPU
		{3B3909CF-EF39-40D1-B03D-368689400697}.Debug|Any CPU.ActiveCfg = Debug|Any CPU
		{3B3909CF-EF39-40D1-B03D-368689400697}.Debug|Any CPU.Build.0 = Debug|Any CPU
		{3B3909CF-EF39-40D1-B03D-368689400697}.Release|Any CPU.ActiveCfg = Release|Any CPU
		{3B3909CF-EF39-40D1-B03D-368689400697}.Release|Any CPU.Build.0 = Release|Any CPU
		{0D29C4D3-BAC6-4D52-A522-8E27A871F037}.Debug|Any CPU.ActiveCfg = Debug|Any CPU
		{0D29C4D3-BAC6-4D52-A522-8E27A871F037}.Debug|Any CPU.Build.0 = Debug|Any CPU
		{0D29C4D3-BAC6-4D52-A522-8E27A871F037}.Release|Any CPU.ActiveCfg = Release|Any CPU
		{0D29C4D3-BAC6-4D52-A522-8E27A871F037}.Release|Any CPU.Build.0 = Release|Any CPU
		{C4EE982A-6AB2-466C-9B10-B1C290C9BCD7}.Debug|Any CPU.ActiveCfg = Debug|Any CPU
		{C4EE982A-6AB2-466C-9B10-B1C290C9BCD7}.Debug|Any CPU.Build.0 = Debug|Any CPU
		{C4EE982A-6AB2-466C-9B10-B1C290C9BCD7}.Release|Any CPU.ActiveCfg = Release|Any CPU
		{C4EE982A-6AB2-466C-9B10-B1C290C9BCD7}.Release|Any CPU.Build.0 = Release|Any CPU
		{AB2731F2-368D-4638-A062-47C97C093B1C}.Debug|Any CPU.ActiveCfg = Debug|Any CPU
		{AB2731F2-368D-4638-A062-47C97C093B1C}.Debug|Any CPU.Build.0 = Debug|Any CPU
		{AB2731F2-368D-4638-A062-47C97C093B1C}.Release|Any CPU.ActiveCfg = Release|Any CPU
		{AB2731F2-368D-4638-A062-47C97C093B1C}.Release|Any CPU.Build.0 = Release|Any CPU
		{B3C468F0-201A-4F54-9C72-B28D261D174A}.Debug|Any CPU.ActiveCfg = Debug|Any CPU
		{B3C468F0-201A-4F54-9C72-B28D261D174A}.Debug|Any CPU.Build.0 = Debug|Any CPU
		{B3C468F0-201A-4F54-9C72-B28D261D174A}.Release|Any CPU.ActiveCfg = Release|Any CPU
		{B3C468F0-201A-4F54-9C72-B28D261D174A}.Release|Any CPU.Build.0 = Release|Any CPU
	EndGlobalSection
EndGlobal
